dependencies:
  idf:
    source:
      type: idf
    version: 5.5.1
  micro_ros_espidf_component:
    component_hash: 
      09dcf7fbca8e2f85613ba51f782a978a46736662fe28bee1feed0f089280eee9
    dependencies: []
    source:
      git: https://github.com/luis-messias/micro_ros_espidf_component
      path: .
      type: git
    version: 0e9c2a8434da96cc7d4aeaee4e13876100cf1245
direct_dependencies:
- micro_ros_espidf_component
manifest_hash: 5df400e7c76d44d1cbea6f10123975b4b88bad1482b5f38bb6dc9018cf03ccdf
target: esp32
version: 2.0.0
